
Microsoft Visual Studio Solution File, Format Version 12.00
# Visual Studio 15
VisualStudioVersion = 15.0.26730.16
MinimumVisualStudioVersion = 10.0.40219.1
Project("{FAE04EC0-301F-11D3-BF4B-00C04F79EFBC}") = "Projektas", "Projektas\Projektas.csproj", "{62943454-7F88-44BE-93E3-520D6E62B7B3}"
EndProject
Global
	GlobalSection(SolutionConfigurationPlatforms) = preSolution
		Debug|Any CPU = Debug|Any CPU
		Release|Any CPU = Release|Any CPU
	EndGlobalSection
	GlobalSection(ProjectConfigurationPlatforms) = postSolution
		{62943454-7F88-44BE-93E3-520D6E62B7B3}.Debug|Any CPU.ActiveCfg = Debug|Any CPU
		{62943454-7F88-44BE-93E3-520D6E62B7B3}.Debug|Any CPU.Build.0 = Debug|Any CPU
		{62943454-7F88-44BE-93E3-520D6E62B7B3}.Release|Any CPU.ActiveCfg = Release|Any CPU
		{62943454-7F88-44BE-93E3-520D6E62B7B3}.Release|Any CPU.Build.0 = Release|Any CPU
	EndGlobalSection
	GlobalSection(SolutionProperties) = preSolution
		HideSolutionNode = FALSE
	EndGlobalSection
	GlobalSection(ExtensibilityGlobals) = postSolution
		SolutionGuid = {A09970F3-BFAA-4910-95CD-521D8E4BBFF1}
	EndGlobalSection
EndGlobal
